{
    "version": 3,
    "terraform_version": "0.11.7",
    "serial": 13,
    "lineage": "bed4bcd8-ef29-3a43-0176-a82caabe321e",
    "modules": [
        {
            "path": [
                "root"
            ],
            "outputs": {},
            "resources": {
                "aws_default_route_table.wp_private_rt": {
                    "type": "aws_default_route_table",
                    "depends_on": [
                        "aws_vpc.wp_vpc"
                    ],
                    "primary": {
                        "id": "rtb-0d563ed18c6d952d0",
                        "attributes": {
                            "default_route_table_id": "rtb-0d563ed18c6d952d0",
                            "id": "rtb-0d563ed18c6d952d0",
                            "propagating_vgws.#": "0",
                            "route.#": "0",
                            "tags.%": "1",
                            "tags.Name": "wp_private",
                            "vpc_id": "vpc-0bce0cf139a8dc8f5"
                        },
                        "meta": {},
                        "tainted": false
                    },
                    "deposed": [],
                    "provider": "provider.aws"
                },
                "aws_instance.appserver": {
                    "type": "aws_instance",
                    "depends_on": [],
                    "primary": {
                        "id": "i-079a9d3fd8346e9b2",
                        "attributes": {
                            "ami": "ami-467ca739",
                            "associate_public_ip_address": "true",
                            "availability_zone": "us-east-1b",
                            "credit_specification.#": "1",
                            "credit_specification.0.cpu_credits": "standard",
                            "disable_api_termination": "false",
                            "ebs_block_device.#": "0",
                            "ebs_optimized": "false",
                            "ephemeral_block_device.#": "0",
                            "get_password_data": "false",
                            "iam_instance_profile": "",
                            "id": "i-079a9d3fd8346e9b2",
                            "instance_state": "running",
                            "instance_type": "t2.micro",
                            "ipv6_addresses.#": "0",
                            "key_name": "terraform",
                            "monitoring": "false",
                            "network_interface.#": "0",
                            "network_interface_id": "eni-0f9faf2c1f0758d00",
                            "password_data": "",
                            "placement_group": "",
                            "primary_network_interface_id": "eni-0f9faf2c1f0758d00",
                            "private_dns": "ip-172-31-90-214.ec2.internal",
                            "private_ip": "172.31.90.214",
                            "public_dns": "ec2-34-227-152-3.compute-1.amazonaws.com",
                            "public_ip": "34.227.152.3",
                            "root_block_device.#": "1",
                            "root_block_device.0.delete_on_termination": "true",
                            "root_block_device.0.iops": "100",
                            "root_block_device.0.volume_id": "vol-00298f029a8d328e8",
                            "root_block_device.0.volume_size": "8",
                            "root_block_device.0.volume_type": "gp2",
                            "security_groups.#": "1",
                            "security_groups.1840420515": "devops-terraform",
                            "source_dest_check": "true",
                            "subnet_id": "subnet-5a535875",
                            "tags.%": "1",
                            "tags.Name": "appserver",
                            "tenancy": "default",
                            "volume_tags.%": "0",
                            "vpc_security_group_ids.#": "1",
                            "vpc_security_group_ids.1451554808": "sg-06a0abdb5f7603ab6"
                        },
                        "meta": {
                            "e2bfb730-ecaa-11e6-8f88-34363bc7c4c0": {
                                "create": 600000000000,
                                "delete": 1200000000000,
                                "update": 600000000000
                            },
                            "schema_version": "1"
                        },
                        "tainted": false
                    },
                    "deposed": [],
                    "provider": "provider.aws"
                },
                "aws_instance.webserver": {
                    "type": "aws_instance",
                    "depends_on": [],
                    "primary": {
                        "id": "i-03e5ae19185e46c33",
                        "attributes": {
                            "ami": "ami-43a15f3e",
                            "associate_public_ip_address": "true",
                            "availability_zone": "us-east-1b",
                            "credit_specification.#": "1",
                            "credit_specification.0.cpu_credits": "standard",
                            "disable_api_termination": "false",
                            "ebs_block_device.#": "0",
                            "ebs_optimized": "false",
                            "ephemeral_block_device.#": "0",
                            "get_password_data": "false",
                            "iam_instance_profile": "",
                            "id": "i-03e5ae19185e46c33",
                            "instance_state": "running",
                            "instance_type": "t2.micro",
                            "ipv6_addresses.#": "0",
                            "key_name": "terraform",
                            "monitoring": "false",
                            "network_interface.#": "0",
                            "network_interface_id": "eni-028282beb63dd82fd",
                            "password_data": "",
                            "placement_group": "",
                            "primary_network_interface_id": "eni-028282beb63dd82fd",
                            "private_dns": "ip-172-31-89-205.ec2.internal",
                            "private_ip": "172.31.89.205",
                            "public_dns": "ec2-54-172-45-247.compute-1.amazonaws.com",
                            "public_ip": "54.172.45.247",
                            "root_block_device.#": "1",
                            "root_block_device.0.delete_on_termination": "true",
                            "root_block_device.0.iops": "100",
                            "root_block_device.0.volume_id": "vol-09e53395246feb931",
                            "root_block_device.0.volume_size": "8",
                            "root_block_device.0.volume_type": "gp2",
                            "security_groups.#": "1",
                            "security_groups.1840420515": "devops-terraform",
                            "source_dest_check": "true",
                            "subnet_id": "subnet-5a535875",
                            "tags.%": "1",
                            "tags.Name": "webserver",
                            "tenancy": "default",
                            "volume_tags.%": "0",
                            "vpc_security_group_ids.#": "1",
                            "vpc_security_group_ids.1451554808": "sg-06a0abdb5f7603ab6"
                        },
                        "meta": {
                            "e2bfb730-ecaa-11e6-8f88-34363bc7c4c0": {
                                "create": 600000000000,
                                "delete": 1200000000000,
                                "update": 600000000000
                            },
                            "schema_version": "1"
                        },
                        "tainted": false
                    },
                    "deposed": [],
                    "provider": "provider.aws"
                },
                "aws_internet_gateway.wp_internet_gateway": {
                    "type": "aws_internet_gateway",
                    "depends_on": [
                        "aws_vpc.wp_vpc"
                    ],
                    "primary": {
                        "id": "igw-004b8dcda8a409e3a",
                        "attributes": {
                            "id": "igw-004b8dcda8a409e3a",
                            "tags.%": "1",
                            "tags.Name": "wp_igw",
                            "vpc_id": "vpc-0bce0cf139a8dc8f5"
                        },
                        "meta": {},
                        "tainted": false
                    },
                    "deposed": [],
                    "provider": "provider.aws"
                },
                "aws_key_pair.deployer": {
                    "type": "aws_key_pair",
                    "depends_on": [],
                    "primary": {
                        "id": "terraform",
                        "attributes": {
                            "id": "terraform",
                            "key_name": "terraform",
                            "public_key": "ssh-rsa AAAAB3NzaC1yc2EAAAADAQABAAABAQCwoM8I9IQCczX0FJrifGTjiZcaqM1xgtxqFfHBWMDBfnk2s/jJIJUMTsLBiIBC0vZfZMOYYmIJd1hLwtTMkNgoHBDst4Ke5OlFUxFJap3l5h/CmVm8qrE5Yli7fWZp0EezgeO3i3EayY585mskHfrjNljgcgU2j5vB19l1sI1U+G63AMh+1vIH4eS8e7BudgPBPHJUV+4PU3bpkScT+FdXGOA5Vi3DPY4l0qpeVQanTTdpmJj3RoPDmTT63JhNfF2h1cMJCdiaUrztoRLEa8iaX73IU/aU+cc+QmF5TlTJZXTCMce2Ki0yzxE6Ux8v0cjA6ajk71Wi5H7EsID8BO8J root@ip-172-31-41-229"
                        },
                        "meta": {
                            "schema_version": "1"
                        },
                        "tainted": false
                    },
                    "deposed": [],
                    "provider": "provider.aws"
                },
                "aws_route_table.wp_public_rt": {
                    "type": "aws_route_table",
                    "depends_on": [
                        "aws_internet_gateway.wp_internet_gateway",
                        "aws_vpc.wp_vpc"
                    ],
                    "primary": {
                        "id": "rtb-0f75443a1b0eaff35",
                        "attributes": {
                            "id": "rtb-0f75443a1b0eaff35",
                            "propagating_vgws.#": "0",
                            "route.#": "1",
                            "route.4210126796.cidr_block": "0.0.0.0/0",
                            "route.4210126796.egress_only_gateway_id": "",
                            "route.4210126796.gateway_id": "igw-004b8dcda8a409e3a",
                            "route.4210126796.instance_id": "",
                            "route.4210126796.ipv6_cidr_block": "",
                            "route.4210126796.nat_gateway_id": "",
                            "route.4210126796.network_interface_id": "",
                            "route.4210126796.vpc_peering_connection_id": "",
                            "tags.%": "1",
                            "tags.Name": "wp_public",
                            "vpc_id": "vpc-0bce0cf139a8dc8f5"
                        },
                        "meta": {},
                        "tainted": false
                    },
                    "deposed": [],
                    "provider": "provider.aws"
                },
                "aws_route_table_association.wp_private1_assoc": {
                    "type": "aws_route_table_association",
                    "depends_on": [
                        "aws_default_route_table.wp_private_rt",
                        "aws_subnet.wp_private1_subnet"
                    ],
                    "primary": {
                        "id": "rtbassoc-06e511db77ec6c47d",
                        "attributes": {
                            "id": "rtbassoc-06e511db77ec6c47d",
                            "route_table_id": "rtb-0d563ed18c6d952d0",
                            "subnet_id": "subnet-0a37a40be5192cb13"
                        },
                        "meta": {},
                        "tainted": false
                    },
                    "deposed": [],
                    "provider": "provider.aws"
                },
                "aws_route_table_association.wp_private2_assoc": {
                    "type": "aws_route_table_association",
                    "depends_on": [
                        "aws_default_route_table.wp_private_rt",
                        "aws_subnet.wp_private2_subnet"
                    ],
                    "primary": {
                        "id": "rtbassoc-0b240b5b9d8df0258",
                        "attributes": {
                            "id": "rtbassoc-0b240b5b9d8df0258",
                            "route_table_id": "rtb-0d563ed18c6d952d0",
                            "subnet_id": "subnet-01adde4643fb4f9fd"
                        },
                        "meta": {},
                        "tainted": false
                    },
                    "deposed": [],
                    "provider": "provider.aws"
                },
                "aws_route_table_association.wp_public1_assoc": {
                    "type": "aws_route_table_association",
                    "depends_on": [
                        "aws_route_table.wp_public_rt",
                        "aws_subnet.wp_public1_subnet"
                    ],
                    "primary": {
                        "id": "rtbassoc-029d0eac42b59299e",
                        "attributes": {
                            "id": "rtbassoc-029d0eac42b59299e",
                            "route_table_id": "rtb-0f75443a1b0eaff35",
                            "subnet_id": "subnet-0dabfe650320de500"
                        },
                        "meta": {},
                        "tainted": false
                    },
                    "deposed": [],
                    "provider": "provider.aws"
                },
                "aws_route_table_association.wp_public2_assoc": {
                    "type": "aws_route_table_association",
                    "depends_on": [
                        "aws_route_table.wp_public_rt",
                        "aws_subnet.wp_public2_subnet"
                    ],
                    "primary": {
                        "id": "rtbassoc-0a7b61bbe4fb49c5b",
                        "attributes": {
                            "id": "rtbassoc-0a7b61bbe4fb49c5b",
                            "route_table_id": "rtb-0f75443a1b0eaff35",
                            "subnet_id": "subnet-070aaf2e315aed0bd"
                        },
                        "meta": {},
                        "tainted": false
                    },
                    "deposed": [],
                    "provider": "provider.aws"
                },
                "aws_security_group.allow_all": {
                    "type": "aws_security_group",
                    "depends_on": [],
                    "primary": {
                        "id": "sg-06a0abdb5f7603ab6",
                        "attributes": {
                            "arn": "arn:aws:ec2:us-east-1:176524373590:security-group/sg-06a0abdb5f7603ab6",
                            "description": "Allow all inbound traffic",
                            "egress.#": "1",
                            "egress.482069346.cidr_blocks.#": "1",
                            "egress.482069346.cidr_blocks.0": "0.0.0.0/0",
                            "egress.482069346.description": "",
                            "egress.482069346.from_port": "0",
                            "egress.482069346.ipv6_cidr_blocks.#": "0",
                            "egress.482069346.prefix_list_ids.#": "0",
                            "egress.482069346.protocol": "-1",
                            "egress.482069346.security_groups.#": "0",
                            "egress.482069346.self": "false",
                            "egress.482069346.to_port": "0",
                            "id": "sg-06a0abdb5f7603ab6",
                            "ingress.#": "4",
                            "ingress.1734363866.cidr_blocks.#": "1",
                            "ingress.1734363866.cidr_blocks.0": "0.0.0.0/0",
                            "ingress.1734363866.description": "",
                            "ingress.1734363866.from_port": "8081",
                            "ingress.1734363866.ipv6_cidr_blocks.#": "0",
                            "ingress.1734363866.protocol": "tcp",
                            "ingress.1734363866.security_groups.#": "0",
                            "ingress.1734363866.self": "false",
                            "ingress.1734363866.to_port": "8081",
                            "ingress.2214680975.cidr_blocks.#": "1",
                            "ingress.2214680975.cidr_blocks.0": "0.0.0.0/0",
                            "ingress.2214680975.description": "",
                            "ingress.2214680975.from_port": "80",
                            "ingress.2214680975.ipv6_cidr_blocks.#": "0",
                            "ingress.2214680975.protocol": "tcp",
                            "ingress.2214680975.security_groups.#": "0",
                            "ingress.2214680975.self": "false",
                            "ingress.2214680975.to_port": "80",
                            "ingress.2541437006.cidr_blocks.#": "1",
                            "ingress.2541437006.cidr_blocks.0": "0.0.0.0/0",
                            "ingress.2541437006.description": "",
                            "ingress.2541437006.from_port": "22",
                            "ingress.2541437006.ipv6_cidr_blocks.#": "0",
                            "ingress.2541437006.protocol": "tcp",
                            "ingress.2541437006.security_groups.#": "0",
                            "ingress.2541437006.self": "false",
                            "ingress.2541437006.to_port": "22",
                            "ingress.516175195.cidr_blocks.#": "1",
                            "ingress.516175195.cidr_blocks.0": "0.0.0.0/0",
                            "ingress.516175195.description": "",
                            "ingress.516175195.from_port": "8080",
                            "ingress.516175195.ipv6_cidr_blocks.#": "0",
                            "ingress.516175195.protocol": "tcp",
                            "ingress.516175195.security_groups.#": "0",
                            "ingress.516175195.self": "false",
                            "ingress.516175195.to_port": "8080",
                            "name": "devops-terraform",
                            "owner_id": "176524373590",
                            "revoke_rules_on_delete": "false",
                            "tags.%": "0",
                            "vpc_id": "vpc-97630dec"
                        },
                        "meta": {
                            "e2bfb730-ecaa-11e6-8f88-34363bc7c4c0": {
                                "create": 600000000000,
                                "delete": 600000000000
                            },
                            "schema_version": "1"
                        },
                        "tainted": false
                    },
                    "deposed": [],
                    "provider": "provider.aws"
                },
                "aws_subnet.wp_private1_subnet": {
                    "type": "aws_subnet",
                    "depends_on": [
                        "aws_vpc.wp_vpc",
                        "data.aws_availability_zones.available"
                    ],
                    "primary": {
                        "id": "subnet-0a37a40be5192cb13",
                        "attributes": {
                            "assign_ipv6_address_on_creation": "false",
                            "availability_zone": "us-east-1a",
                            "cidr_block": "10.0.3.0/24",
                            "id": "subnet-0a37a40be5192cb13",
                            "map_public_ip_on_launch": "false",
                            "tags.%": "1",
                            "tags.Name": "wp_private1",
                            "vpc_id": "vpc-0bce0cf139a8dc8f5"
                        },
                        "meta": {
                            "schema_version": "1"
                        },
                        "tainted": false
                    },
                    "deposed": [],
                    "provider": "provider.aws"
                },
                "aws_subnet.wp_private2_subnet": {
                    "type": "aws_subnet",
                    "depends_on": [
                        "aws_vpc.wp_vpc",
                        "data.aws_availability_zones.available"
                    ],
                    "primary": {
                        "id": "subnet-01adde4643fb4f9fd",
                        "attributes": {
                            "assign_ipv6_address_on_creation": "false",
                            "availability_zone": "us-east-1b",
                            "cidr_block": "10.0.4.0/24",
                            "id": "subnet-01adde4643fb4f9fd",
                            "map_public_ip_on_launch": "false",
                            "tags.%": "1",
                            "tags.Name": "wp_private2",
                            "vpc_id": "vpc-0bce0cf139a8dc8f5"
                        },
                        "meta": {
                            "schema_version": "1"
                        },
                        "tainted": false
                    },
                    "deposed": [],
                    "provider": "provider.aws"
                },
                "aws_subnet.wp_public1_subnet": {
                    "type": "aws_subnet",
                    "depends_on": [
                        "aws_vpc.wp_vpc",
                        "data.aws_availability_zones.available"
                    ],
                    "primary": {
                        "id": "subnet-0dabfe650320de500",
                        "attributes": {
                            "assign_ipv6_address_on_creation": "false",
                            "availability_zone": "us-east-1a",
                            "cidr_block": "10.0.1.0/24",
                            "id": "subnet-0dabfe650320de500",
                            "map_public_ip_on_launch": "true",
                            "tags.%": "1",
                            "tags.Name": "wp_public1",
                            "vpc_id": "vpc-0bce0cf139a8dc8f5"
                        },
                        "meta": {
                            "schema_version": "1"
                        },
                        "tainted": false
                    },
                    "deposed": [],
                    "provider": "provider.aws"
                },
                "aws_subnet.wp_public2_subnet": {
                    "type": "aws_subnet",
                    "depends_on": [
                        "aws_vpc.wp_vpc",
                        "data.aws_availability_zones.available"
                    ],
                    "primary": {
                        "id": "subnet-070aaf2e315aed0bd",
                        "attributes": {
                            "assign_ipv6_address_on_creation": "false",
                            "availability_zone": "us-east-1b",
                            "cidr_block": "10.0.2.0/24",
                            "id": "subnet-070aaf2e315aed0bd",
                            "map_public_ip_on_launch": "true",
                            "tags.%": "1",
                            "tags.Name": "wp_public2",
                            "vpc_id": "vpc-0bce0cf139a8dc8f5"
                        },
                        "meta": {
                            "schema_version": "1"
                        },
                        "tainted": false
                    },
                    "deposed": [],
                    "provider": "provider.aws"
                },
                "aws_vpc.wp_vpc": {
                    "type": "aws_vpc",
                    "depends_on": [],
                    "primary": {
                        "id": "vpc-0bce0cf139a8dc8f5",
                        "attributes": {
                            "assign_generated_ipv6_cidr_block": "false",
                            "cidr_block": "10.0.0.0/16",
                            "default_network_acl_id": "acl-057bf15329ced9618",
                            "default_route_table_id": "rtb-0d563ed18c6d952d0",
                            "default_security_group_id": "sg-0e8862c498366723d",
                            "dhcp_options_id": "dopt-974e4cef",
                            "enable_classiclink": "false",
                            "enable_classiclink_dns_support": "false",
                            "enable_dns_hostnames": "true",
                            "enable_dns_support": "true",
                            "id": "vpc-0bce0cf139a8dc8f5",
                            "instance_tenancy": "default",
                            "main_route_table_id": "rtb-0d563ed18c6d952d0",
                            "tags.%": "1",
                            "tags.Name": "wp_vpc"
                        },
                        "meta": {
                            "schema_version": "1"
                        },
                        "tainted": false
                    },
                    "deposed": [],
                    "provider": "provider.aws"
                },
                "data.aws_availability_zones.available": {
                    "type": "aws_availability_zones",
                    "depends_on": [],
                    "primary": {
                        "id": "2018-05-05 04:50:51.869289777 +0000 UTC",
                        "attributes": {
                            "id": "2018-05-05 04:50:51.869289777 +0000 UTC",
                            "names.#": "6",
                            "names.0": "us-east-1a",
                            "names.1": "us-east-1b",
                            "names.2": "us-east-1c",
                            "names.3": "us-east-1d",
                            "names.4": "us-east-1e",
                            "names.5": "us-east-1f"
                        },
                        "meta": {},
                        "tainted": false
                    },
                    "deposed": [],
                    "provider": "provider.aws"
                }
            },
            "depends_on": []
        }
    ]
}
